// !$*UTF8*$!
{
	archiveVersion = 1;
	classes = {
	};
	objectVersion = 60;
	objects = {

/* Begin PBXBuildFile section */
		0D62EC7B2BD7B278004E8CFA /* TestSatochipApp.swift in Sources */ = {isa = PBXBuildFile; fileRef = 0D62EC7A2BD7B278004E8CFA /* TestSatochipApp.swift */; };
		0D62EC7F2BD7B27B004E8CFA /* Assets.xcassets in Resources */ = {isa = PBXBuildFile; fileRef = 0D62EC7E2BD7B27B004E8CFA /* Assets.xcassets */; };
		0D62EC822BD7B27B004E8CFA /* Preview Assets.xcassets in Resources */ = {isa = PBXBuildFile; fileRef = 0D62EC812BD7B27B004E8CFA /* Preview Assets.xcassets */; };
		0D62EC8C2BD7B378004E8CFA /* HomeView.swift in Sources */ = {isa = PBXBuildFile; fileRef = 0D62EC8B2BD7B378004E8CFA /* HomeView.swift */; };
		0D62EC8E2BD7B3FC004E8CFA /* CardState.swift in Sources */ = {isa = PBXBuildFile; fileRef = 0D62EC8D2BD7B3FC004E8CFA /* CardState.swift */; };
		0D62EC932BD7B475004E8CFA /* ScanButton.swift in Sources */ = {isa = PBXBuildFile; fileRef = 0D62EC922BD7B475004E8CFA /* ScanButton.swift */; };
		0D62EC952BD7B586004E8CFA /* LoggerService.swift in Sources */ = {isa = PBXBuildFile; fileRef = 0D62EC942BD7B586004E8CFA /* LoggerService.swift */; };
		0D62ED002BD7C000004E8CFA /* Outfit-VariableFont_wght.ttf in Resources */ = {isa = PBXBuildFile; fileRef = 0D62ED082BD7C000004E8CFA /* Outfit-VariableFont_wght.ttf */; };
		0D62ED012BD7C000004E8CFA /* OpenSans-VariableFont_wdth,wght.ttf in Resources */ = {isa = PBXBuildFile; fileRef = 0D62ED092BD7C000004E8CFA /* OpenSans-VariableFont_wdth,wght.ttf */; };
		0D62ED022BD7C000004E8CFA /* Poppins-Bold.ttf in Resources */ = {isa = PBXBuildFile; fileRef = 0D62ED0A2BD7C000004E8CFA /* Poppins-Bold.ttf */; };
		0D62ED032BD7C000004E8CFA /* Poppins-ExtraBold.ttf in Resources */ = {isa = PBXBuildFile; fileRef = 0D62ED0B2BD7C000004E8CFA /* Poppins-ExtraBold.ttf */; };
		0D62ED042BD7C000004E8CFA /* Outfit-Bold.ttf in Resources */ = {isa = PBXBuildFile; fileRef = 0D62ED0C2BD7C000004E8CFA /* Outfit-Bold.ttf */; };
		0D62ED052BD7C000004E8CFA /* Outfit-ExtraLight.ttf in Resources */ = {isa = PBXBuildFile; fileRef = 0D62ED0D2BD7C000004E8CFA /* Outfit-ExtraLight.ttf */; };
		0D62ED062BD7C000004E8CFA /* OpenSans-SemiBold.ttf in Resources */ = {isa = PBXBuildFile; fileRef = 0D62ED0E2BD7C000004E8CFA /* OpenSans-SemiBold.ttf */; };
		0D62ED072BD7C000004E8CFA /* Outfit-Regular.ttf in Resources */ = {isa = PBXBuildFile; fileRef = 0D62ED0F2BD7C000004E8CFA /* Outfit-Regular.ttf */; };
		9D9C393A2EA826B4000AE0A5 /* SatochipSwift in Frameworks */ = {isa = PBXBuildFile; productRef = 9D9C39392EA826B4000AE0A5 /* SatochipSwift */; };
/* End PBXBuildFile section */

/* Begin PBXFileReference section */
		0D62EC772BD7B278004E8CFA /* TestSatochip.app */ = {isa = PBXFileReference; explicitFileType = wrapper.application; includeInIndex = 0; path = TestSatochip.app; sourceTree = BUILT_PRODUCTS_DIR; };
		0D62EC7A2BD7B278004E8CFA /* TestSatochipApp.swift */ = {isa = PBXFileReference; lastKnownFileType = sourcecode.swift; path = TestSatochipApp.swift; sourceTree = "<group>"; };
		0D62EC7E2BD7B27B004E8CFA /* Assets.xcassets */ = {isa = PBXFileReference; lastKnownFileType = folder.assetcatalog; path = Assets.xcassets; sourceTree = "<group>"; };
		0D62EC812BD7B27B004E8CFA /* Preview Assets.xcassets */ = {isa = PBXFileReference; lastKnownFileType = folder.assetcatalog; path = "Preview Assets.xcassets"; sourceTree = "<group>"; };
		0D62EC882BD7B2B8004E8CFA /* TestSatochip.entitlements */ = {isa = PBXFileReference; lastKnownFileType = text.plist.entitlements; path = TestSatochip.entitlements; sourceTree = "<group>"; };
		0D62EC892BD7B2F2004E8CFA /* Info.plist */ = {isa = PBXFileReference; lastKnownFileType = text.plist.xml; path = Info.plist; sourceTree = "<group>"; };
		0D62EC8B2BD7B378004E8CFA /* HomeView.swift */ = {isa = PBXFileReference; lastKnownFileType = sourcecode.swift; path = HomeView.swift; sourceTree = "<group>"; };
		0D62EC8D2BD7B3FC004E8CFA /* CardState.swift */ = {isa = PBXFileReference; lastKnownFileType = sourcecode.swift; path = CardState.swift; sourceTree = "<group>"; };
		0D62EC922BD7B475004E8CFA /* ScanButton.swift */ = {isa = PBXFileReference; lastKnownFileType = sourcecode.swift; path = ScanButton.swift; sourceTree = "<group>"; };
		0D62EC942BD7B586004E8CFA /* LoggerService.swift */ = {isa = PBXFileReference; lastKnownFileType = sourcecode.swift; path = LoggerService.swift; sourceTree = "<group>"; };
		0D62ED082BD7C000004E8CFA /* Outfit-VariableFont_wght.ttf */ = {isa = PBXFileReference; lastKnownFileType = file; path = "Outfit-VariableFont_wght.ttf"; sourceTree = "<group>"; };
		0D62ED092BD7C000004E8CFA /* OpenSans-VariableFont_wdth,wght.ttf */ = {isa = PBXFileReference; lastKnownFileType = file; path = "OpenSans-VariableFont_wdth,wght.ttf"; sourceTree = "<group>"; };
		0D62ED0A2BD7C000004E8CFA /* Poppins-Bold.ttf */ = {isa = PBXFileReference; lastKnownFileType = file; path = "Poppins-Bold.ttf"; sourceTree = "<group>"; };
		0D62ED0B2BD7C000004E8CFA /* Poppins-ExtraBold.ttf */ = {isa = PBXFileReference; lastKnownFileType = file; path = "Poppins-ExtraBold.ttf"; sourceTree = "<group>"; };
		0D62ED0C2BD7C000004E8CFA /* Outfit-Bold.ttf */ = {isa = PBXFileReference; lastKnownFileType = file; path = "Outfit-Bold.ttf"; sourceTree = "<group>"; };
		0D62ED0D2BD7C000004E8CFA /* Outfit-ExtraLight.ttf */ = {isa = PBXFileReference; lastKnownFileType = file; path = "Outfit-ExtraLight.ttf"; sourceTree = "<group>"; };
		0D62ED0E2BD7C000004E8CFA /* OpenSans-SemiBold.ttf */ = {isa = PBXFileReference; lastKnownFileType = file; path = "OpenSans-SemiBold.ttf"; sourceTree = "<group>"; };
		0D62ED0F2BD7C000004E8CFA /* Outfit-Regular.ttf */ = {isa = PBXFileReference; lastKnownFileType = file; path = "Outfit-Regular.ttf"; sourceTree = "<group>"; };
/* End PBXFileReference section */

/* Begin PBXFrameworksBuildPhase section */
		0D62EC742BD7B278004E8CFA /* Frameworks */ = {
			isa = PBXFrameworksBuildPhase;
			buildActionMask = 2147483647;
			files = (
				9D9C393A2EA826B4000AE0A5 /* SatochipSwift in Frameworks */,
			);
			runOnlyForDeploymentPostprocessing = 0;
		};
/* End PBXFrameworksBuildPhase section */

/* Begin PBXGroup section */
		0D62EC6E2BD7B278004E8CFA = {
			isa = PBXGroup;
			children = (
				0D62EC792BD7B278004E8CFA /* TestSatochip */,
				0D62EC782BD7B278004E8CFA /* Products */,
			);
			sourceTree = "<group>";
		};
		0D62EC782BD7B278004E8CFA /* Products */ = {
			isa = PBXGroup;
			children = (
				0D62EC772BD7B278004E8CFA /* TestSatochip.app */,
			);
			name = Products;
			sourceTree = "<group>";
		};
		0D62EC792BD7B278004E8CFA /* TestSatochip */ = {
			isa = PBXGroup;
			children = (
				0D62EC882BD7B2B8004E8CFA /* TestSatochip.entitlements */,
				0D62EC7A2BD7B278004E8CFA /* TestSatochipApp.swift */,
				0D62EC8B2BD7B378004E8CFA /* HomeView.swift */,
				0D62EC922BD7B475004E8CFA /* ScanButton.swift */,
				0D62EC8D2BD7B3FC004E8CFA /* CardState.swift */,
				0D62EC942BD7B586004E8CFA /* LoggerService.swift */,
				0D62EC7E2BD7B27B004E8CFA /* Assets.xcassets */,
				0D62EC802BD7B27B004E8CFA /* Preview Content */,
				0D62EC892BD7B2F2004E8CFA /* Info.plist */,
				0D62ED102BD7C000004E8CFA /* Fonts */,
			);
			path = TestSatochip;
			sourceTree = "<group>";
		};
		0D62EC802BD7B27B004E8CFA /* Preview Content */ = {
			isa = PBXGroup;
			children = (
				0D62EC812BD7B27B004E8CFA /* Preview Assets.xcassets */,
			);
			path = "Preview Content";
			sourceTree = "<group>";
		};
		0D62ED102BD7C000004E8CFA /* Fonts */ = {
			isa = PBXGroup;
			children = (
				0D62ED082BD7C000004E8CFA /* Outfit-VariableFont_wght.ttf */,
				0D62ED092BD7C000004E8CFA /* OpenSans-VariableFont_wdth,wght.ttf */,
				0D62ED0A2BD7C000004E8CFA /* Poppins-Bold.ttf */,
				0D62ED0B2BD7C000004E8CFA /* Poppins-ExtraBold.ttf */,
				0D62ED0C2BD7C000004E8CFA /* Outfit-Bold.ttf */,
				0D62ED0D2BD7C000004E8CFA /* Outfit-ExtraLight.ttf */,
				0D62ED0E2BD7C000004E8CFA /* OpenSans-SemiBold.ttf */,
				0D62ED0F2BD7C000004E8CFA /* Outfit-Regular.ttf */,
			);
			path = Fonts;
			sourceTree = "<group>";
		};
/* End PBXGroup section */

/* Begin PBXNativeTarget section */
		0D62EC762BD7B278004E8CFA /* TestSatochip */ = {
			isa = PBXNativeTarget;
			buildConfigurationList = 0D62EC852BD7B27B004E8CFA /* Build configuration list for PBXNativeTarget "TestSatochip" */;
			buildPhases = (
				0D62EC732BD7B278004E8CFA /* Sources */,
				0D62EC742BD7B278004E8CFA /* Frameworks */,
				0D62EC752BD7B278004E8CFA /* Resources */,
			);
			buildRules = (
			);
			dependencies = (
			);
			name = TestSatochip;
			packageProductDependencies = (
				9D9C39392EA826B4000AE0A5 /* SatochipSwift */,
			);
			productName = TestSatochip;
			productReference = 0D62EC772BD7B278004E8CFA /* TestSatochip.app */;
			productType = "com.apple.product-type.application";
		};
/* End PBXNativeTarget section */

/* Begin PBXProject section */
		0D62EC6F2BD7B278004E8CFA /* Project object */ = {
			isa = PBXProject;
			attributes = {
				BuildIndependentTargetsInParallel = 1;
				LastSwiftUpdateCheck = 1500;
				LastUpgradeCheck = 1500;
				TargetAttributes = {
					0D62EC762BD7B278004E8CFA = {
						CreatedOnToolsVersion = 15.0.1;
					};
				};
			};
			buildConfigurationList = 0D62EC722BD7B278004E8CFA /* Build configuration list for PBXProject "TestSatochip" */;
			compatibilityVersion = "Xcode 14.0";
			developmentRegion = en;
			hasScannedForEncodings = 0;
			knownRegions = (
				en,
				Base,
			);
			mainGroup = 0D62EC6E2BD7B278004E8CFA;
			packageReferences = (
				9D9C39382EA826B4000AE0A5 /* XCLocalSwiftPackageReference "../SatochipSwift" */,
			);
			productRefGroup = 0D62EC782BD7B278004E8CFA /* Products */;
			projectDirPath = "";
			projectRoot = "";
			targets = (
				0D62EC762BD7B278004E8CFA /* TestSatochip */,
			);
		};
/* End PBXProject section */

/* Begin PBXResourcesBuildPhase section */
		0D62EC752BD7B278004E8CFA /* Resources */ = {
			isa = PBXResourcesBuildPhase;
			buildActionMask = 2147483647;
			files = (
				0D62EC822BD7B27B004E8CFA /* Preview Assets.xcassets in Resources */,
				0D62EC7F2BD7B27B004E8CFA /* Assets.xcassets in Resources */,
				0D62ED002BD7C000004E8CFA /* Outfit-VariableFont_wght.ttf in Resources */,
				0D62ED012BD7C000004E8CFA /* OpenSans-VariableFont_wdth,wght.ttf in Resources */,
				0D62ED022BD7C000004E8CFA /* Poppins-Bold.ttf in Resources */,
				0D62ED032BD7C000004E8CFA /* Poppins-ExtraBold.ttf in Resources */,
				0D62ED042BD7C000004E8CFA /* Outfit-Bold.ttf in Resources */,
				0D62ED052BD7C000004E8CFA /* Outfit-ExtraLight.ttf in Resources */,
				0D62ED062BD7C000004E8CFA /* OpenSans-SemiBold.ttf in Resources */,
				0D62ED072BD7C000004E8CFA /* Outfit-Regular.ttf in Resources */,
			);
			runOnlyForDeploymentPostprocessing = 0;
		};
/* End PBXResourcesBuildPhase section */

/* Begin PBXSourcesBuildPhase section */
		0D62EC732BD7B278004E8CFA /* Sources */ = {
			isa = PBXSourcesBuildPhase;
			buildActionMask = 2147483647;
			files = (
				0D62EC932BD7B475004E8CFA /* ScanButton.swift in Sources */,
				0D62EC8C2BD7B378004E8CFA /* HomeView.swift in Sources */,
				0D62EC8E2BD7B3FC004E8CFA /* CardState.swift in Sources */,
				0D62EC7B2BD7B278004E8CFA /* TestSatochipApp.swift in Sources */,
				0D62EC952BD7B586004E8CFA /* LoggerService.swift in Sources */,
			);
			runOnlyForDeploymentPostprocessing = 0;
		};
/* End PBXSourcesBuildPhase section */

/* Begin XCBuildConfiguration section */
		0D62EC832BD7B27B004E8CFA /* Debug */ = {
			isa = XCBuildConfiguration;
			buildSettings = {
				ALWAYS_SEARCH_USER_PATHS = NO;
				ASSETCATALOG_COMPILER_GENERATE_SWIFT_ASSET_SYMBOL_EXTENSIONS = YES;
				CLANG_ANALYZER_NONNULL = YES;
				CLANG_ANALYZER_NUMBER_OBJECT_CONVERSION = YES_AGGRESSIVE;
				CLANG_CXX_LANGUAGE_STANDARD = "gnu++20";
				CLANG_ENABLE_MODULES = YES;
				CLANG_ENABLE_OBJC_ARC = YES;
				CLANG_ENABLE_OBJC_WEAK = YES;
				CLANG_WARN_BLOCK_CAPTURE_AUTORELEASING = YES;
				CLANG_WARN_BOOL_CONVERSION = YES;
				CLANG_WARN_COMMA = YES;
				CLANG_WARN_CONSTANT_CONVERSION = YES;
				CLANG_WARN_DEPRECATED_OBJC_IMPLEMENTATIONS = YES;
				CLANG_WARN_DIRECT_OBJC_ISA_USAGE = YES_ERROR;
				CLANG_WARN_DOCUMENTATION_COMMENTS = YES;
				CLANG_WARN_EMPTY_BODY = YES;
				CLANG_WARN_ENUM_CONVERSION = YES;
				CLANG_WARN_INFINITE_RECURSION = YES;
				CLANG_WARN_INT_CONVERSION = YES;
				CLANG_WARN_NON_LITERAL_NULL_CONVERSION = YES;
				CLANG_WARN_OBJC_IMPLICIT_RETAIN_SELF = YES;
				CLANG_WARN_OBJC_LITERAL_CONVERSION = YES;
				CLANG_WARN_OBJC_ROOT_CLASS = YES_ERROR;
				CLANG_WARN_QUOTED_INCLUDE_IN_FRAMEWORK_HEADER = YES;
				CLANG_WARN_RANGE_LOOP_ANALYSIS = YES;
				CLANG_WARN_STRICT_PROTOTYPES = YES;
				CLANG_WARN_SUSPICIOUS_MOVE = YES;
				CLANG_WARN_UNGUARDED_AVAILABILITY = YES_AGGRESSIVE;
				CLANG_WARN_UNREACHABLE_CODE = YES;
				CLANG_WARN__DUPLICATE_METHOD_MATCH = YES;
				COPY_PHASE_STRIP = NO;
				DEBUG_INFORMATION_FORMAT = dwarf;
				ENABLE_STRICT_OBJC_MSGSEND = YES;
				ENABLE_TESTABILITY = YES;
				ENABLE_USER_SCRIPT_SANDBOXING = YES;
				GCC_C_LANGUAGE_STANDARD = gnu17;
				GCC_DYNAMIC_NO_PIC = NO;
				GCC_NO_COMMON_BLOCKS = YES;
				GCC_OPTIMIZATION_LEVEL = 0;
				GCC_PREPROCESSOR_DEFINITIONS = (
					"DEBUG=1",
					"$(inherited)",
				);
				GCC_WARN_64_TO_32_BIT_CONVERSION = YES;
				GCC_WARN_ABOUT_RETURN_TYPE = YES_ERROR;
				GCC_WARN_UNDECLARED_SELECTOR = YES;
				GCC_WARN_UNINITIALIZED_AUTOS = YES_AGGRESSIVE;
				GCC_WARN_UNUSED_FUNCTION = YES;
				GCC_WARN_UNUSED_VARIABLE = YES;
				IPHONEOS_DEPLOYMENT_TARGET = 15.0;
				LOCALIZATION_PREFERS_STRING_CATALOGS = YES;
				MTL_ENABLE_DEBUG_INFO = INCLUDE_SOURCE;
				MTL_FAST_MATH = YES;
				ONLY_ACTIVE_ARCH = YES;
				SDKROOT = iphoneos;
				SWIFT_ACTIVE_COMPILATION_CONDITIONS = "DEBUG $(inherited)";
				SWIFT_OPTIMIZATION_LEVEL = "-Onone";
			};
			name = Debug;
		};
		0D62EC842BD7B27B004E8CFA /* Release */ = {
			isa = XCBuildConfiguration;
			buildSettings = {
				ALWAYS_SEARCH_USER_PATHS = NO;
				ASSETCATALOG_COMPILER_GENERATE_SWIFT_ASSET_SYMBOL_EXTENSIONS = YES;
				CLANG_ANALYZER_NONNULL = YES;
				CLANG_ANALYZER_NUMBER_OBJECT_CONVERSION = YES_AGGRESSIVE;
				CLANG_CXX_LANGUAGE_STANDARD = "gnu++20";
				CLANG_ENABLE_MODULES = YES;
				CLANG_ENABLE_OBJC_ARC = YES;
				CLANG_ENABLE_OBJC_WEAK = YES;
				CLANG_WARN_BLOCK_CAPTURE_AUTORELEASING = YES;
				CLANG_WARN_BOOL_CONVERSION = YES;
				CLANG_WARN_COMMA = YES;
				CLANG_WARN_CONSTANT_CONVERSION = YES;
				CLANG_WARN_DEPRECATED_OBJC_IMPLEMENTATIONS = YES;
				CLANG_WARN_DIRECT_OBJC_ISA_USAGE = YES_ERROR;
				CLANG_WARN_DOCUMENTATION_COMMENTS = YES;
				CLANG_WARN_EMPTY_BODY = YES;
				CLANG_WARN_ENUM_CONVERSION = YES;
				CLANG_WARN_INFINITE_RECURSION = YES;
				CLANG_WARN_INT_CONVERSION = YES;
				CLANG_WARN_NON_LITERAL_NULL_CONVERSION = YES;
				CLANG_WARN_OBJC_IMPLICIT_RETAIN_SELF = YES;
				CLANG_WARN_OBJC_LITERAL_CONVERSION = YES;
				CLANG_WARN_OBJC_ROOT_CLASS = YES_ERROR;
				CLANG_WARN_QUOTED_INCLUDE_IN_FRAMEWORK_HEADER = YES;
				CLANG_WARN_RANGE_LOOP_ANALYSIS = YES;
				CLANG_WARN_STRICT_PROTOTYPES = YES;
				CLANG_WARN_SUSPICIOUS_MOVE = YES;
				CLANG_WARN_UNGUARDED_AVAILABILITY = YES_AGGRESSIVE;
				CLANG_WARN_UNREACHABLE_CODE = YES;
				CLANG_WARN__DUPLICATE_METHOD_MATCH = YES;
				COPY_PHASE_STRIP = NO;
				DEBUG_INFORMATION_FORMAT = "dwarf-with-dsym";
				ENABLE_NS_ASSERTIONS = NO;
				ENABLE_STRICT_OBJC_MSGSEND = YES;
				ENABLE_USER_SCRIPT_SANDBOXING = YES;
				GCC_C_LANGUAGE_STANDARD = gnu17;
				GCC_NO_COMMON_BLOCKS = YES;
				GCC_WARN_64_TO_32_BIT_CONVERSION = YES;
				GCC_WARN_ABOUT_RETURN_TYPE = YES_ERROR;
				GCC_WARN_UNDECLARED_SELECTOR = YES;
				GCC_WARN_UNINITIALIZED_AUTOS = YES_AGGRESSIVE;
				GCC_WARN_UNUSED_FUNCTION = YES;
				GCC_WARN_UNUSED_VARIABLE = YES;
				IPHONEOS_DEPLOYMENT_TARGET = 15.0;
				LOCALIZATION_PREFERS_STRING_CATALOGS = YES;
				MTL_ENABLE_DEBUG_INFO = NO;
				MTL_FAST_MATH = YES;
				SDKROOT = iphoneos;
				SWIFT_COMPILATION_MODE = wholemodule;
				VALIDATE_PRODUCT = YES;
			};
			name = Release;
		};
		0D62EC862BD7B27B004E8CFA /* Debug */ = {
			isa = XCBuildConfiguration;
			buildSettings = {
				ASSETCATALOG_COMPILER_APPICON_NAME = AppIcon;
				ASSETCATALOG_COMPILER_GLOBAL_ACCENT_COLOR_NAME = AccentColor;
				CODE_SIGN_ENTITLEMENTS = TestSatochip/TestSatochip.entitlements;
				CODE_SIGN_STYLE = Automatic;
				CURRENT_PROJECT_VERSION = 1;
				DEVELOPMENT_ASSET_PATHS = "\"TestSatochip/Preview Content\"";
				DEVELOPMENT_TEAM = Z549D9UUA8;
				ENABLE_PREVIEWS = YES;
				GENERATE_INFOPLIST_FILE = YES;
				INFOPLIST_FILE = TestSatochip/Info.plist;
				INFOPLIST_KEY_CFBundleDisplayName = TestSatochip;
				INFOPLIST_KEY_LSApplicationCategoryType = "";
				INFOPLIST_KEY_NFCReaderUsageDescription = "NFC used to scan Satochip card";
				INFOPLIST_KEY_UIApplicationSupportsIndirectInputEvents = YES;
				INFOPLIST_KEY_UISupportedInterfaceOrientations_iPad = "UIInterfaceOrientationPortrait UIInterfaceOrientationPortraitUpsideDown UIInterfaceOrientationLandscapeLeft UIInterfaceOrientationLandscapeRight";
				INFOPLIST_KEY_UISupportedInterfaceOrientations_iPhone = "UIInterfaceOrientationPortrait UIInterfaceOrientationLandscapeLeft UIInterfaceOrientationLandscapeRight";
				IPHONEOS_DEPLOYMENT_TARGET = 15.0;
				LD_RUNPATH_SEARCH_PATHS = (
					"$(inherited)",
					"@executable_path/Frameworks",
				);
				MARKETING_VERSION = 1.0;
				PRODUCT_BUNDLE_IDENTIFIER = com.gammastream.app.TestSatochip;
				PRODUCT_NAME = "$(TARGET_NAME)";
				SUPPORTED_PLATFORMS = "iphoneos iphonesimulator";
				SUPPORTS_MACCATALYST = NO;
				SUPPORTS_MAC_DESIGNED_FOR_IPHONE_IPAD = NO;
				SWIFT_EMIT_LOC_STRINGS = YES;
				SWIFT_VERSION = 5.0;
				TARGETED_DEVICE_FAMILY = 1;
			};
			name = Debug;
		};
		0D62EC872BD7B27B004E8CFA /* Release */ = {
			isa = XCBuildConfiguration;
			buildSettings = {
				ASSETCATALOG_COMPILER_APPICON_NAME = AppIcon;
				ASSETCATALOG_COMPILER_GLOBAL_ACCENT_COLOR_NAME = AccentColor;
				CODE_SIGN_ENTITLEMENTS = TestSatochip/TestSatochip.entitlements;
				CODE_SIGN_STYLE = Automatic;
				CURRENT_PROJECT_VERSION = 1;
				DEVELOPMENT_ASSET_PATHS = "\"TestSatochip/Preview Content\"";
				DEVELOPMENT_TEAM = Z549D9UUA8;
				ENABLE_PREVIEWS = YES;
				GENERATE_INFOPLIST_FILE = YES;
				INFOPLIST_FILE = TestSatochip/Info.plist;
				INFOPLIST_KEY_CFBundleDisplayName = TestSatochip;
				INFOPLIST_KEY_LSApplicationCategoryType = "";
				INFOPLIST_KEY_NFCReaderUsageDescription = "NFC used to scan Satochip card";
				INFOPLIST_KEY_UIApplicationSupportsIndirectInputEvents = YES;
				INFOPLIST_KEY_UISupportedInterfaceOrientations_iPad = "UIInterfaceOrientationPortrait UIInterfaceOrientationPortraitUpsideDown UIInterfaceOrientationLandscapeLeft UIInterfaceOrientationLandscapeRight";
				INFOPLIST_KEY_UISupportedInterfaceOrientations_iPhone = "UIInterfaceOrientationPortrait UIInterfaceOrientationLandscapeLeft UIInterfaceOrientationLandscapeRight";
				IPHONEOS_DEPLOYMENT_TARGET = 15.0;
				LD_RUNPATH_SEARCH_PATHS = (
					"$(inherited)",
					"@executable_path/Frameworks",
				);
				MARKETING_VERSION = 1.0;
				PRODUCT_BUNDLE_IDENTIFIER = com.gammastream.app.TestSatochip;
				PRODUCT_NAME = "$(TARGET_NAME)";
				SUPPORTED_PLATFORMS = "iphoneos iphonesimulator";
				SUPPORTS_MACCATALYST = NO;
				SUPPORTS_MAC_DESIGNED_FOR_IPHONE_IPAD = NO;
				SWIFT_EMIT_LOC_STRINGS = YES;
				SWIFT_VERSION = 5.0;
				TARGETED_DEVICE_FAMILY = 1;
			};
			name = Release;
		};
/* End XCBuildConfiguration section */

/* Begin XCConfigurationList section */
		0D62EC722BD7B278004E8CFA /* Build configuration list for PBXProject "TestSatochip" */ = {
			isa = XCConfigurationList;
			buildConfigurations = (
				0D62EC832BD7B27B004E8CFA /* Debug */,
				0D62EC842BD7B27B004E8CFA /* Release */,
			);
			defaultConfigurationIsVisible = 0;
			defaultConfigurationName = Release;
		};
		0D62EC852BD7B27B004E8CFA /* Build configuration list for PBXNativeTarget "TestSatochip" */ = {
			isa = XCConfigurationList;
			buildConfigurations = (
				0D62EC862BD7B27B004E8CFA /* Debug */,
				0D62EC872BD7B27B004E8CFA /* Release */,
			);
			defaultConfigurationIsVisible = 0;
			defaultConfigurationName = Release;
		};
/* End XCConfigurationList section */

/* Begin XCLocalSwiftPackageReference section */
		9D9C39382EA826B4000AE0A5 /* XCLocalSwiftPackageReference "../SatochipSwift" */ = {
			isa = XCLocalSwiftPackageReference;
			relativePath = ../SatochipSwift;
		};
/* End XCLocalSwiftPackageReference section */

/* Begin XCSwiftPackageProductDependency section */
		9D9C39392EA826B4000AE0A5 /* SatochipSwift */ = {
			isa = XCSwiftPackageProductDependency;
			productName = SatochipSwift;
		};
/* End XCSwiftPackageProductDependency section */
	};
	rootObject = 0D62EC6F2BD7B278004E8CFA /* Project object */;
}
